{
  "name": "nandart-3d",
  "version": "1.0.0",
  "lockfileVersion": 2,
  "requires": true,
  "packages": {
    "": {
      "name": "nandart-3d",
      "version": "1.0.0",
      "license": "MIT",
      "dependencies": {
        "vite": "^4.5.0",
        "three": "^0.137.5"
      }
    },
    "node_modules/vite": {
      "version": "4.5.0",
      "resolved": "https://registry.npmjs.org/vite/-/vite-4.5.0.tgz",
      "integrity": "sha512-...",
      "dev": false
    },
    "node_modules/three": {
      "version": "0.137.5",
      "resolved": "https://registry.npmjs.org/three/-/three-0.137.5.tgz",
      "integrity": "sha512-...",
      "dev": false
    }
  },
  "dependencies": {
    "vite": {
      "version": "4.5.0",
      "resolved": "https://registry.npmjs.org/vite/-/vite-4.5.0.tgz",
      "integrity": "sha512-..."
    },
    "three": {
      "version": "0.137.5",
      "resolved": "https://registry.npmjs.org/three/-/three-0.137.5.tgz",
      "integrity": "sha512-..."
    }
  }
}